
Microsoft Visual Studio Solution File, Format Version 12.00
# Visual Studio Version 16
VisualStudioVersion = 16.0.31605.320
MinimumVisualStudioVersion = 10.0.40219.1
Project("{FAE04EC0-301F-11D3-BF4B-00C04F79EFBC}") = "investment", "investment\investment.csproj", "{F9A2FA86-C6A8-40C8-A3E1-0D4ABB83C5FC}"
EndProject
Global
	GlobalSection(SolutionConfigurationPlatforms) = preSolution
		Debug|Any CPU = Debug|Any CPU
		Release|Any CPU = Release|Any CPU
	EndGlobalSection
	GlobalSection(ProjectConfigurationPlatforms) = postSolution
		{F9A2FA86-C6A8-40C8-A3E1-0D4ABB83C5FC}.Debug|Any CPU.ActiveCfg = Debug|Any CPU
		{F9A2FA86-C6A8-40C8-A3E1-0D4ABB83C5FC}.Debug|Any CPU.Build.0 = Debug|Any CPU
		{F9A2FA86-C6A8-40C8-A3E1-0D4ABB83C5FC}.Release|Any CPU.ActiveCfg = Release|Any CPU
		{F9A2FA86-C6A8-40C8-A3E1-0D4ABB83C5FC}.Release|Any CPU.Build.0 = Release|Any CPU
	EndGlobalSection
	GlobalSection(SolutionProperties) = preSolution
		HideSolutionNode = FALSE
	EndGlobalSection
	GlobalSection(ExtensibilityGlobals) = postSolution
		SolutionGuid = {2137CC69-EF5D-44F8-A693-A109981FB447}
	EndGlobalSection
EndGlobal
